
Microsoft Visual Studio Solution File, Format Version 12.00
# Visual Studio Version 17
VisualStudioVersion = 17.4.33122.133
MinimumVisualStudioVersion = 10.0.40219.1
Project("{9A19103F-16F7-4668-BE54-9A1E7A4F7556}") = "Microcredit", "Microcredit\Microcredit.csproj", "{5DC6CF6F-A9AF-4307-B685-5AFCE7A38D33}"
EndProject
Project("{2150E333-8FDC-42A3-9474-1A3956D46DE8}") = "Solution Items", "Solution Items", "{58ED57B4-BF25-409F-B7AA-D1FAA24B6649}"
	ProjectSection(SolutionItems) = preProject
		.editorconfig = .editorconfig
	EndProjectSection
EndProject
Global
	GlobalSection(SolutionConfigurationPlatforms) = preSolution
		Debug|Any CPU = Debug|Any CPU
		Release|Any CPU = Release|Any CPU
	EndGlobalSection
	GlobalSection(ProjectConfigurationPlatforms) = postSolution
		{5DC6CF6F-A9AF-4307-B685-5AFCE7A38D33}.Debug|Any CPU.ActiveCfg = Debug|Any CPU
		{5DC6CF6F-A9AF-4307-B685-5AFCE7A38D33}.Debug|Any CPU.Build.0 = Debug|Any CPU
		{5DC6CF6F-A9AF-4307-B685-5AFCE7A38D33}.Release|Any CPU.ActiveCfg = Release|Any CPU
		{5DC6CF6F-A9AF-4307-B685-5AFCE7A38D33}.Release|Any CPU.Build.0 = Release|Any CPU
	EndGlobalSection
	GlobalSection(SolutionProperties) = preSolution
		HideSolutionNode = FALSE
	EndGlobalSection
	GlobalSection(ExtensibilityGlobals) = postSolution
		SolutionGuid = {435FCF63-12DF-44B5-B7D5-C0776E4F0906}
	EndGlobalSection
EndGlobal
